
Microsoft Visual Studio Solution File, Format Version 12.00
# Visual Studio Version 16
VisualStudioVersion = 16.0.30002.166
MinimumVisualStudioVersion = 10.0.40219.1
Project("{FAE04EC0-301F-11D3-BF4B-00C04F79EFBC}") = "REIZTECK Assignment", "REIZTECK Assignment\REIZTECK Assignment.csproj", "{B951EE24-0FED-4137-A3D8-36D874CAF5B3}"
EndProject
Global
	GlobalSection(SolutionConfigurationPlatforms) = preSolution
		Debug|Any CPU = Debug|Any CPU
		Release|Any CPU = Release|Any CPU
	EndGlobalSection
	GlobalSection(ProjectConfigurationPlatforms) = postSolution
		{B951EE24-0FED-4137-A3D8-36D874CAF5B3}.Debug|Any CPU.ActiveCfg = Debug|Any CPU
		{B951EE24-0FED-4137-A3D8-36D874CAF5B3}.Debug|Any CPU.Build.0 = Debug|Any CPU
		{B951EE24-0FED-4137-A3D8-36D874CAF5B3}.Release|Any CPU.ActiveCfg = Release|Any CPU
		{B951EE24-0FED-4137-A3D8-36D874CAF5B3}.Release|Any CPU.Build.0 = Release|Any CPU
	EndGlobalSection
	GlobalSection(SolutionProperties) = preSolution
		HideSolutionNode = FALSE
	EndGlobalSection
	GlobalSection(ExtensibilityGlobals) = postSolution
		SolutionGuid = {230BB6BE-64A9-4CE4-AD4A-11E70C130527}
	EndGlobalSection
EndGlobal
